
Microsoft Visual Studio Solution File, Format Version 12.00
# Visual Studio 15
VisualStudioVersion = 15.0.27703.2035
MinimumVisualStudioVersion = 10.0.40219.1
Project("{FAE04EC0-301F-11D3-BF4B-00C04F79EFBC}") = "extra_task", "extra_task\extra_task.csproj", "{AC685EC7-25B7-4C3A-B091-9CE709A4E7CC}"
EndProject
Global
	GlobalSection(SolutionConfigurationPlatforms) = preSolution
		Debug|Any CPU = Debug|Any CPU
		Release|Any CPU = Release|Any CPU
	EndGlobalSection
	GlobalSection(ProjectConfigurationPlatforms) = postSolution
		{AC685EC7-25B7-4C3A-B091-9CE709A4E7CC}.Debug|Any CPU.ActiveCfg = Debug|Any CPU
		{AC685EC7-25B7-4C3A-B091-9CE709A4E7CC}.Debug|Any CPU.Build.0 = Debug|Any CPU
		{AC685EC7-25B7-4C3A-B091-9CE709A4E7CC}.Release|Any CPU.ActiveCfg = Release|Any CPU
		{AC685EC7-25B7-4C3A-B091-9CE709A4E7CC}.Release|Any CPU.Build.0 = Release|Any CPU
	EndGlobalSection
	GlobalSection(SolutionProperties) = preSolution
		HideSolutionNode = FALSE
	EndGlobalSection
	GlobalSection(ExtensibilityGlobals) = postSolution
		SolutionGuid = {34C90EC5-912C-4D58-B157-0D8791CCF664}
	EndGlobalSection
EndGlobal
